
Microsoft Visual Studio Solution File, Format Version 12.00
# Visual Studio Version 17
VisualStudioVersion = 17.8.34330.188
MinimumVisualStudioVersion = 10.0.40219.1
Project("{2150E333-8FDC-42A3-9474-1A3956D46DE8}") = "Services", "Services", "{55D88ED0-8B6B-46B0-8F21-4C970AF3CEB9}"
EndProject
Project("{2150E333-8FDC-42A3-9474-1A3956D46DE8}") = "Catalog", "Catalog", "{294B89E6-0C18-4599-BBEB-F1EA4405E916}"
EndProject
Project("{9A19103F-16F7-4668-BE54-9A1E7A4F7556}") = "Catalog.API", "Services\Catalog\Catalog.API\Catalog.API.csproj", "{88F442C6-D4AF-4E9A-9E82-A721EE2CA7D9}"
EndProject
Project("{2150E333-8FDC-42A3-9474-1A3956D46DE8}") = "BuildingBlocks", "BuildingBlocks", "{0CBEE852-387D-48C8-B499-4D4FD6FF00DA}"
EndProject
Global
	GlobalSection(SolutionConfigurationPlatforms) = preSolution
		Debug|Any CPU = Debug|Any CPU
		Release|Any CPU = Release|Any CPU
	EndGlobalSection
	GlobalSection(ProjectConfigurationPlatforms) = postSolution
		{88F442C6-D4AF-4E9A-9E82-A721EE2CA7D9}.Debug|Any CPU.ActiveCfg = Debug|Any CPU
		{88F442C6-D4AF-4E9A-9E82-A721EE2CA7D9}.Debug|Any CPU.Build.0 = Debug|Any CPU
		{88F442C6-D4AF-4E9A-9E82-A721EE2CA7D9}.Release|Any CPU.ActiveCfg = Release|Any CPU
		{88F442C6-D4AF-4E9A-9E82-A721EE2CA7D9}.Release|Any CPU.Build.0 = Release|Any CPU
	EndGlobalSection
	GlobalSection(SolutionProperties) = preSolution
		HideSolutionNode = FALSE
	EndGlobalSection
	GlobalSection(NestedProjects) = preSolution
		{294B89E6-0C18-4599-BBEB-F1EA4405E916} = {55D88ED0-8B6B-46B0-8F21-4C970AF3CEB9}
		{88F442C6-D4AF-4E9A-9E82-A721EE2CA7D9} = {294B89E6-0C18-4599-BBEB-F1EA4405E916}
	EndGlobalSection
	GlobalSection(ExtensibilityGlobals) = postSolution
		SolutionGuid = {BC4430A4-4EAB-40FE-B757-98DF76685B3C}
	EndGlobalSection
EndGlobal
